
Microsoft Visual Studio Solution File, Format Version 12.00
# Visual Studio Version 17
VisualStudioVersion = 17.4.33103.184
MinimumVisualStudioVersion = 10.0.40219.1
Project("{8BC9CEB8-8B4A-11D0-8D11-00A0C91BC942}") = "UMLCODE", "UMLCODE\UMLCODE.vcxproj", "{0289DA49-2E32-46E2-A636-EB6A589D2403}"
EndProject
Global
	GlobalSection(SolutionConfigurationPlatforms) = preSolution
		Debug|x64 = Debug|x64
		Debug|x86 = Debug|x86
		Release|x64 = Release|x64
		Release|x86 = Release|x86
	EndGlobalSection
	GlobalSection(ProjectConfigurationPlatforms) = postSolution
		{0289DA49-2E32-46E2-A636-EB6A589D2403}.Debug|x64.ActiveCfg = Debug|x64
		{0289DA49-2E32-46E2-A636-EB6A589D2403}.Debug|x64.Build.0 = Debug|x64
		{0289DA49-2E32-46E2-A636-EB6A589D2403}.Debug|x86.ActiveCfg = Debug|Win32
		{0289DA49-2E32-46E2-A636-EB6A589D2403}.Debug|x86.Build.0 = Debug|Win32
		{0289DA49-2E32-46E2-A636-EB6A589D2403}.Release|x64.ActiveCfg = Release|x64
		{0289DA49-2E32-46E2-A636-EB6A589D2403}.Release|x64.Build.0 = Release|x64
		{0289DA49-2E32-46E2-A636-EB6A589D2403}.Release|x86.ActiveCfg = Release|Win32
		{0289DA49-2E32-46E2-A636-EB6A589D2403}.Release|x86.Build.0 = Release|Win32
	EndGlobalSection
	GlobalSection(SolutionProperties) = preSolution
		HideSolutionNode = FALSE
	EndGlobalSection
	GlobalSection(ExtensibilityGlobals) = postSolution
		SolutionGuid = {84E92E7F-DA05-4DAC-BC86-3C534F09FFA1}
	EndGlobalSection
EndGlobal
